// !$*UTF8*$!
{
	archiveVersion = 1;
	classes = {
	};
	objectVersion = 51;
	objects = {

/* Begin PBXBuildFile section */
		0DACB9B18036F38D758CA562 /* Pods_Momentos.framework in Frameworks */ = {isa = PBXBuildFile; fileRef = 20524231BDDC1037BDC5F52F /* Pods_Momentos.framework */; };
		36AE50A8246DE2DF0092052D /* UIView+Layout.swift in Sources */ = {isa = PBXBuildFile; fileRef = 36AE50A7246DE2DF0092052D /* UIView+Layout.swift */; };
		36CA4A97246DDFC600999694 /* AppDelegate.swift in Sources */ = {isa = PBXBuildFile; fileRef = 36CA4A96246DDFC600999694 /* AppDelegate.swift */; };
		36CA4A99246DDFC600999694 /* SceneDelegate.swift in Sources */ = {isa = PBXBuildFile; fileRef = 36CA4A98246DDFC600999694 /* SceneDelegate.swift */; };
		36CA4A9B246DDFC600999694 /* ViewController.swift in Sources */ = {isa = PBXBuildFile; fileRef = 36CA4A9A246DDFC600999694 /* ViewController.swift */; };
		36CA4A9E246DDFC600999694 /* Main.storyboard in Resources */ = {isa = PBXBuildFile; fileRef = 36CA4A9C246DDFC600999694 /* Main.storyboard */; };
		36CA4AA0246DDFC700999694 /* Assets.xcassets in Resources */ = {isa = PBXBuildFile; fileRef = 36CA4A9F246DDFC700999694 /* Assets.xcassets */; };
		36CA4AA3246DDFC700999694 /* LaunchScreen.storyboard in Resources */ = {isa = PBXBuildFile; fileRef = 36CA4AA1246DDFC700999694 /* LaunchScreen.storyboard */; };
		36CA4AAF246DE01C00999694 /* HomeController.swift in Sources */ = {isa = PBXBuildFile; fileRef = 36CA4AAE246DE01C00999694 /* HomeController.swift */; };
/* End PBXBuildFile section */

/* Begin PBXFileReference section */
		20524231BDDC1037BDC5F52F /* Pods_Momentos.framework */ = {isa = PBXFileReference; explicitFileType = wrapper.framework; includeInIndex = 0; path = Pods_Momentos.framework; sourceTree = BUILT_PRODUCTS_DIR; };
		36AE50A7246DE2DF0092052D /* UIView+Layout.swift */ = {isa = PBXFileReference; lastKnownFileType = sourcecode.swift; path = "UIView+Layout.swift"; sourceTree = "<group>"; };
		36CA4A93246DDFC600999694 /* Momentos.app */ = {isa = PBXFileReference; explicitFileType = wrapper.application; includeInIndex = 0; path = Momentos.app; sourceTree = BUILT_PRODUCTS_DIR; };
		36CA4A96246DDFC600999694 /* AppDelegate.swift */ = {isa = PBXFileReference; lastKnownFileType = sourcecode.swift; path = AppDelegate.swift; sourceTree = "<group>"; };
		36CA4A98246DDFC600999694 /* SceneDelegate.swift */ = {isa = PBXFileReference; lastKnownFileType = sourcecode.swift; path = SceneDelegate.swift; sourceTree = "<group>"; };
		36CA4A9A246DDFC600999694 /* ViewController.swift */ = {isa = PBXFileReference; lastKnownFileType = sourcecode.swift; path = ViewController.swift; sourceTree = "<group>"; };
		36CA4A9D246DDFC600999694 /* Base */ = {isa = PBXFileReference; lastKnownFileType = file.storyboard; name = Base; path = Base.lproj/Main.storyboard; sourceTree = "<group>"; };
		36CA4A9F246DDFC700999694 /* Assets.xcassets */ = {isa = PBXFileReference; lastKnownFileType = folder.assetcatalog; path = Assets.xcassets; sourceTree = "<group>"; };
		36CA4AA2246DDFC700999694 /* Base */ = {isa = PBXFileReference; lastKnownFileType = file.storyboard; name = Base; path = Base.lproj/LaunchScreen.storyboard; sourceTree = "<group>"; };
		36CA4AA4246DDFC700999694 /* Info.plist */ = {isa = PBXFileReference; lastKnownFileType = text.plist.xml; path = Info.plist; sourceTree = "<group>"; };
		36CA4AAE246DE01C00999694 /* HomeController.swift */ = {isa = PBXFileReference; lastKnownFileType = sourcecode.swift; path = HomeController.swift; sourceTree = "<group>"; };
		86DA7B90C3FD93D84BEA14BA /* Pods-Momentos.release.xcconfig */ = {isa = PBXFileReference; includeInIndex = 1; lastKnownFileType = text.xcconfig; name = "Pods-Momentos.release.xcconfig"; path = "Target Support Files/Pods-Momentos/Pods-Momentos.release.xcconfig"; sourceTree = "<group>"; };
		D75049013A5AED4E364BCC9A /* Pods-Momentos.debug.xcconfig */ = {isa = PBXFileReference; includeInIndex = 1; lastKnownFileType = text.xcconfig; name = "Pods-Momentos.debug.xcconfig"; path = "Target Support Files/Pods-Momentos/Pods-Momentos.debug.xcconfig"; sourceTree = "<group>"; };
/* End PBXFileReference section */

/* Begin PBXFrameworksBuildPhase section */
		36CA4A90246DDFC600999694 /* Frameworks */ = {
			isa = PBXFrameworksBuildPhase;
			buildActionMask = 2147483647;
			files = (
				0DACB9B18036F38D758CA562 /* Pods_Momentos.framework in Frameworks */,
			);
			runOnlyForDeploymentPostprocessing = 0;
		};
/* End PBXFrameworksBuildPhase section */

/* Begin PBXGroup section */
		36AE50A6246DE2CC0092052D /* Helpers */ = {
			isa = PBXGroup;
			children = (
				36AE50A7246DE2DF0092052D /* UIView+Layout.swift */,
			);
			path = Helpers;
			sourceTree = "<group>";
		};
		36CA4A8A246DDFC600999694 = {
			isa = PBXGroup;
			children = (
				36CA4A95246DDFC600999694 /* Momentos */,
				36CA4A94246DDFC600999694 /* Products */,
				3B28785A45563281EF79880A /* Pods */,
				EDDF71AA2A78F3751CFBC097 /* Frameworks */,
			);
			sourceTree = "<group>";
		};
		36CA4A94246DDFC600999694 /* Products */ = {
			isa = PBXGroup;
			children = (
				36CA4A93246DDFC600999694 /* Momentos.app */,
			);
			name = Products;
			sourceTree = "<group>";
		};
		36CA4A95246DDFC600999694 /* Momentos */ = {
			isa = PBXGroup;
			children = (
				36CA4AAA246DDFDB00999694 /* API */,
				36CA4AAB246DDFE000999694 /* Models */,
				36CA4AAC246DDFE500999694 /* Views */,
				36CA4AAD246DDFEA00999694 /* Controllers */,
				36CA4A96246DDFC600999694 /* AppDelegate.swift */,
				36CA4A98246DDFC600999694 /* SceneDelegate.swift */,
				36CA4A9A246DDFC600999694 /* ViewController.swift */,
				36AE50A6246DE2CC0092052D /* Helpers */,
				36CA4A9C246DDFC600999694 /* Main.storyboard */,
				36CA4A9F246DDFC700999694 /* Assets.xcassets */,
				36CA4AA1246DDFC700999694 /* LaunchScreen.storyboard */,
				36CA4AA4246DDFC700999694 /* Info.plist */,
			);
			path = Momentos;
			sourceTree = "<group>";
		};
		36CA4AAA246DDFDB00999694 /* API */ = {
			isa = PBXGroup;
			children = (
			);
			path = API;
			sourceTree = "<group>";
		};
		36CA4AAB246DDFE000999694 /* Models */ = {
			isa = PBXGroup;
			children = (
			);
			path = Models;
			sourceTree = "<group>";
		};
		36CA4AAC246DDFE500999694 /* Views */ = {
			isa = PBXGroup;
			children = (
			);
			path = Views;
			sourceTree = "<group>";
		};
		36CA4AAD246DDFEA00999694 /* Controllers */ = {
			isa = PBXGroup;
			children = (
				36CA4AAE246DE01C00999694 /* HomeController.swift */,
			);
			path = Controllers;
			sourceTree = "<group>";
		};
		3B28785A45563281EF79880A /* Pods */ = {
			isa = PBXGroup;
			children = (
				D75049013A5AED4E364BCC9A /* Pods-Momentos.debug.xcconfig */,
				86DA7B90C3FD93D84BEA14BA /* Pods-Momentos.release.xcconfig */,
			);
			path = Pods;
			sourceTree = "<group>";
		};
		EDDF71AA2A78F3751CFBC097 /* Frameworks */ = {
			isa = PBXGroup;
			children = (
				20524231BDDC1037BDC5F52F /* Pods_Momentos.framework */,
			);
			name = Frameworks;
			sourceTree = "<group>";
		};
/* End PBXGroup section */

/* Begin PBXNativeTarget section */
		36CA4A92246DDFC600999694 /* Momentos */ = {
			isa = PBXNativeTarget;
			buildConfigurationList = 36CA4AA7246DDFC700999694 /* Build configuration list for PBXNativeTarget "Momentos" */;
			buildPhases = (
				57F13B627A45BC712B5F1D1D /* [CP] Check Pods Manifest.lock */,
				36CA4A8F246DDFC600999694 /* Sources */,
				36CA4A90246DDFC600999694 /* Frameworks */,
				36CA4A91246DDFC600999694 /* Resources */,
				9FA4A9418824203E6C9CFE2A /* [CP] Embed Pods Frameworks */,
			);
			buildRules = (
			);
			dependencies = (
			);
			name = Momentos;
			productName = Momentos;
			productReference = 36CA4A93246DDFC600999694 /* Momentos.app */;
			productType = "com.apple.product-type.application";
		};
/* End PBXNativeTarget section */

/* Begin PBXProject section */
		36CA4A8B246DDFC600999694 /* Project object */ = {
			isa = PBXProject;
			attributes = {
				LastSwiftUpdateCheck = 1140;
				LastUpgradeCheck = 1140;
				ORGANIZATIONNAME = GeeTeam;
				TargetAttributes = {
					36CA4A92246DDFC600999694 = {
						CreatedOnToolsVersion = 11.4.1;
					};
				};
			};
			buildConfigurationList = 36CA4A8E246DDFC600999694 /* Build configuration list for PBXProject "Momentos" */;
			compatibilityVersion = "Xcode 9.3";
			developmentRegion = en;
			hasScannedForEncodings = 0;
			knownRegions = (
				en,
				Base,
			);
			mainGroup = 36CA4A8A246DDFC600999694;
			productRefGroup = 36CA4A94246DDFC600999694 /* Products */;
			projectDirPath = "";
			projectRoot = "";
			targets = (
				36CA4A92246DDFC600999694 /* Momentos */,
			);
		};
/* End PBXProject section */

/* Begin PBXResourcesBuildPhase section */
		36CA4A91246DDFC600999694 /* Resources */ = {
			isa = PBXResourcesBuildPhase;
			buildActionMask = 2147483647;
			files = (
				36CA4AA3246DDFC700999694 /* LaunchScreen.storyboard in Resources */,
				36CA4AA0246DDFC700999694 /* Assets.xcassets in Resources */,
				36CA4A9E246DDFC600999694 /* Main.storyboard in Resources */,
			);
			runOnlyForDeploymentPostprocessing = 0;
		};
/* End PBXResourcesBuildPhase section */

/* Begin PBXShellScriptBuildPhase section */
		57F13B627A45BC712B5F1D1D /* [CP] Check Pods Manifest.lock */ = {
			isa = PBXShellScriptBuildPhase;
			buildActionMask = 2147483647;
			files = (
			);
			inputFileListPaths = (
			);
			inputPaths = (
				"${PODS_PODFILE_DIR_PATH}/Podfile.lock",
				"${PODS_ROOT}/Manifest.lock",
			);
			name = "[CP] Check Pods Manifest.lock";
			outputFileListPaths = (
			);
			outputPaths = (
				"$(DERIVED_FILE_DIR)/Pods-Momentos-checkManifestLockResult.txt",
			);
			runOnlyForDeploymentPostprocessing = 0;
			shellPath = /bin/sh;
			shellScript = "diff \"${PODS_PODFILE_DIR_PATH}/Podfile.lock\" \"${PODS_ROOT}/Manifest.lock\" > /dev/null\nif [ $? != 0 ] ; then\n    # print error to STDERR\n    echo \"error: The sandbox is not in sync with the Podfile.lock. Run 'pod install' or update your CocoaPods installation.\" >&2\n    exit 1\nfi\n# This output is used by Xcode 'outputs' to avoid re-running this script phase.\necho \"SUCCESS\" > \"${SCRIPT_OUTPUT_FILE_0}\"\n";
			showEnvVarsInLog = 0;
		};
		9FA4A9418824203E6C9CFE2A /* [CP] Embed Pods Frameworks */ = {
			isa = PBXShellScriptBuildPhase;
			buildActionMask = 2147483647;
			files = (
			);
			inputFileListPaths = (
				"${PODS_ROOT}/Target Support Files/Pods-Momentos/Pods-Momentos-frameworks-${CONFIGURATION}-input-files.xcfilelist",
			);
			name = "[CP] Embed Pods Frameworks";
			outputFileListPaths = (
				"${PODS_ROOT}/Target Support Files/Pods-Momentos/Pods-Momentos-frameworks-${CONFIGURATION}-output-files.xcfilelist",
			);
			runOnlyForDeploymentPostprocessing = 0;
			shellPath = /bin/sh;
			shellScript = "\"${PODS_ROOT}/Target Support Files/Pods-Momentos/Pods-Momentos-frameworks.sh\"\n";
			showEnvVarsInLog = 0;
		};
/* End PBXShellScriptBuildPhase section */

/* Begin PBXSourcesBuildPhase section */
		36CA4A8F246DDFC600999694 /* Sources */ = {
			isa = PBXSourcesBuildPhase;
			buildActionMask = 2147483647;
			files = (
				36CA4AAF246DE01C00999694 /* HomeController.swift in Sources */,
				36CA4A9B246DDFC600999694 /* ViewController.swift in Sources */,
				36CA4A97246DDFC600999694 /* AppDelegate.swift in Sources */,
				36CA4A99246DDFC600999694 /* SceneDelegate.swift in Sources */,
				36AE50A8246DE2DF0092052D /* UIView+Layout.swift in Sources */,
			);
			runOnlyForDeploymentPostprocessing = 0;
		};
/* End PBXSourcesBuildPhase section */

/* Begin PBXVariantGroup section */
		36CA4A9C246DDFC600999694 /* Main.storyboard */ = {
			isa = PBXVariantGroup;
			children = (
				36CA4A9D246DDFC600999694 /* Base */,
			);
			name = Main.storyboard;
			sourceTree = "<group>";
		};
		36CA4AA1246DDFC700999694 /* LaunchScreen.storyboard */ = {
			isa = PBXVariantGroup;
			children = (
				36CA4AA2246DDFC700999694 /* Base */,
			);
			name = LaunchScreen.storyboard;
			sourceTree = "<group>";
		};
/* End PBXVariantGroup section */

/* Begin XCBuildConfiguration section */
		36CA4AA5246DDFC700999694 /* Debug */ = {
			isa = XCBuildConfiguration;
			buildSettings = {
				ALWAYS_SEARCH_USER_PATHS = NO;
				CLANG_ANALYZER_NONNULL = YES;
				CLANG_ANALYZER_NUMBER_OBJECT_CONVERSION = YES_AGGRESSIVE;
				CLANG_CXX_LANGUAGE_STANDARD = "gnu++14";
				CLANG_CXX_LIBRARY = "libc++";
				CLANG_ENABLE_MODULES = YES;
				CLANG_ENABLE_OBJC_ARC = YES;
				CLANG_ENABLE_OBJC_WEAK = YES;
				CLANG_WARN_BLOCK_CAPTURE_AUTORELEASING = YES;
				CLANG_WARN_BOOL_CONVERSION = YES;
				CLANG_WARN_COMMA = YES;
				CLANG_WARN_CONSTANT_CONVERSION = YES;
				CLANG_WARN_DEPRECATED_OBJC_IMPLEMENTATIONS = YES;
				CLANG_WARN_DIRECT_OBJC_ISA_USAGE = YES_ERROR;
				CLANG_WARN_DOCUMENTATION_COMMENTS = YES;
				CLANG_WARN_EMPTY_BODY = YES;
				CLANG_WARN_ENUM_CONVERSION = YES;
				CLANG_WARN_INFINITE_RECURSION = YES;
				CLANG_WARN_INT_CONVERSION = YES;
				CLANG_WARN_NON_LITERAL_NULL_CONVERSION = YES;
				CLANG_WARN_OBJC_IMPLICIT_RETAIN_SELF = YES;
				CLANG_WARN_OBJC_LITERAL_CONVERSION = YES;
				CLANG_WARN_OBJC_ROOT_CLASS = YES_ERROR;
				CLANG_WARN_RANGE_LOOP_ANALYSIS = YES;
				CLANG_WARN_STRICT_PROTOTYPES = YES;
				CLANG_WARN_SUSPICIOUS_MOVE = YES;
				CLANG_WARN_UNGUARDED_AVAILABILITY = YES_AGGRESSIVE;
				CLANG_WARN_UNREACHABLE_CODE = YES;
				CLANG_WARN__DUPLICATE_METHOD_MATCH = YES;
				COPY_PHASE_STRIP = NO;
				DEBUG_INFORMATION_FORMAT = dwarf;
				ENABLE_STRICT_OBJC_MSGSEND = YES;
				ENABLE_TESTABILITY = YES;
				GCC_C_LANGUAGE_STANDARD = gnu11;
				GCC_DYNAMIC_NO_PIC = NO;
				GCC_NO_COMMON_BLOCKS = YES;
				GCC_OPTIMIZATION_LEVEL = 0;
				GCC_PREPROCESSOR_DEFINITIONS = (
					"DEBUG=1",
					"$(inherited)",
				);
				GCC_WARN_64_TO_32_BIT_CONVERSION = YES;
				GCC_WARN_ABOUT_RETURN_TYPE = YES_ERROR;
				GCC_WARN_UNDECLARED_SELECTOR = YES;
				GCC_WARN_UNINITIALIZED_AUTOS = YES_AGGRESSIVE;
				GCC_WARN_UNUSED_FUNCTION = YES;
				GCC_WARN_UNUSED_VARIABLE = YES;
				IPHONEOS_DEPLOYMENT_TARGET = 13.4;
				MTL_ENABLE_DEBUG_INFO = INCLUDE_SOURCE;
				MTL_FAST_MATH = YES;
				ONLY_ACTIVE_ARCH = YES;
				SDKROOT = iphoneos;
				SWIFT_ACTIVE_COMPILATION_CONDITIONS = DEBUG;
				SWIFT_OPTIMIZATION_LEVEL = "-Onone";
			};
			name = Debug;
		};
		36CA4AA6246DDFC700999694 /* Release */ = {
			isa = XCBuildConfiguration;
			buildSettings = {
				ALWAYS_SEARCH_USER_PATHS = NO;
				CLANG_ANALYZER_NONNULL = YES;
				CLANG_ANALYZER_NUMBER_OBJECT_CONVERSION = YES_AGGRESSIVE;
				CLANG_CXX_LANGUAGE_STANDARD = "gnu++14";
				CLANG_CXX_LIBRARY = "libc++";
				CLANG_ENABLE_MODULES = YES;
				CLANG_ENABLE_OBJC_ARC = YES;
				CLANG_ENABLE_OBJC_WEAK = YES;
				CLANG_WARN_BLOCK_CAPTURE_AUTORELEASING = YES;
				CLANG_WARN_BOOL_CONVERSION = YES;
				CLANG_WARN_COMMA = YES;
				CLANG_WARN_CONSTANT_CONVERSION = YES;
				CLANG_WARN_DEPRECATED_OBJC_IMPLEMENTATIONS = YES;
				CLANG_WARN_DIRECT_OBJC_ISA_USAGE = YES_ERROR;
				CLANG_WARN_DOCUMENTATION_COMMENTS = YES;
				CLANG_WARN_EMPTY_BODY = YES;
				CLANG_WARN_ENUM_CONVERSION = YES;
				CLANG_WARN_INFINITE_RECURSION = YES;
				CLANG_WARN_INT_CONVERSION = YES;
				CLANG_WARN_NON_LITERAL_NULL_CONVERSION = YES;
				CLANG_WARN_OBJC_IMPLICIT_RETAIN_SELF = YES;
				CLANG_WARN_OBJC_LITERAL_CONVERSION = YES;
				CLANG_WARN_OBJC_ROOT_CLASS = YES_ERROR;
				CLANG_WARN_RANGE_LOOP_ANALYSIS = YES;
				CLANG_WARN_STRICT_PROTOTYPES = YES;
				CLANG_WARN_SUSPICIOUS_MOVE = YES;
				CLANG_WARN_UNGUARDED_AVAILABILITY = YES_AGGRESSIVE;
				CLANG_WARN_UNREACHABLE_CODE = YES;
				CLANG_WARN__DUPLICATE_METHOD_MATCH = YES;
				COPY_PHASE_STRIP = NO;
				DEBUG_INFORMATION_FORMAT = "dwarf-with-dsym";
				ENABLE_NS_ASSERTIONS = NO;
				ENABLE_STRICT_OBJC_MSGSEND = YES;
				GCC_C_LANGUAGE_STANDARD = gnu11;
				GCC_NO_COMMON_BLOCKS = YES;
				GCC_WARN_64_TO_32_BIT_CONVERSION = YES;
				GCC_WARN_ABOUT_RETURN_TYPE = YES_ERROR;
				GCC_WARN_UNDECLARED_SELECTOR = YES;
				GCC_WARN_UNINITIALIZED_AUTOS = YES_AGGRESSIVE;
				GCC_WARN_UNUSED_FUNCTION = YES;
				GCC_WARN_UNUSED_VARIABLE = YES;
				IPHONEOS_DEPLOYMENT_TARGET = 13.4;
				MTL_ENABLE_DEBUG_INFO = NO;
				MTL_FAST_MATH = YES;
				SDKROOT = iphoneos;
				SWIFT_COMPILATION_MODE = wholemodule;
				SWIFT_OPTIMIZATION_LEVEL = "-O";
				VALIDATE_PRODUCT = YES;
			};
			name = Release;
		};
		36CA4AA8246DDFC700999694 /* Debug */ = {
			isa = XCBuildConfiguration;
			baseConfigurationReference = D75049013A5AED4E364BCC9A /* Pods-Momentos.debug.xcconfig */;
			buildSettings = {
				ASSETCATALOG_COMPILER_APPICON_NAME = AppIcon;
				CODE_SIGN_STYLE = Automatic;
				DEVELOPMENT_TEAM = J3GG5QZZ47;
				INFOPLIST_FILE = Momentos/Info.plist;
				LD_RUNPATH_SEARCH_PATHS = (
					"$(inherited)",
					"@executable_path/Frameworks",
				);
				PRODUCT_BUNDLE_IDENTIFIER = com.GeeTeam.Momentos;
				PRODUCT_NAME = "$(TARGET_NAME)";
				SWIFT_VERSION = 5.0;
				TARGETED_DEVICE_FAMILY = "1,2";
			};
			name = Debug;
		};
		36CA4AA9246DDFC700999694 /* Release */ = {
			isa = XCBuildConfiguration;
			baseConfigurationReference = 86DA7B90C3FD93D84BEA14BA /* Pods-Momentos.release.xcconfig */;
			buildSettings = {
				ASSETCATALOG_COMPILER_APPICON_NAME = AppIcon;
				CODE_SIGN_STYLE = Automatic;
				DEVELOPMENT_TEAM = J3GG5QZZ47;
				INFOPLIST_FILE = Momentos/Info.plist;
				LD_RUNPATH_SEARCH_PATHS = (
					"$(inherited)",
					"@executable_path/Frameworks",
				);
				PRODUCT_BUNDLE_IDENTIFIER = com.GeeTeam.Momentos;
				PRODUCT_NAME = "$(TARGET_NAME)";
				SWIFT_VERSION = 5.0;
				TARGETED_DEVICE_FAMILY = "1,2";
			};
			name = Release;
		};
/* End XCBuildConfiguration section */

/* Begin XCConfigurationList section */
		36CA4A8E246DDFC600999694 /* Build configuration list for PBXProject "Momentos" */ = {
			isa = XCConfigurationList;
			buildConfigurations = (
				36CA4AA5246DDFC700999694 /* Debug */,
				36CA4AA6246DDFC700999694 /* Release */,
			);
			defaultConfigurationIsVisible = 0;
			defaultConfigurationName = Release;
		};
		36CA4AA7246DDFC700999694 /* Build configuration list for PBXNativeTarget "Momentos" */ = {
			isa = XCConfigurationList;
			buildConfigurations = (
				36CA4AA8246DDFC700999694 /* Debug */,
				36CA4AA9246DDFC700999694 /* Release */,
			);
			defaultConfigurationIsVisible = 0;
			defaultConfigurationName = Release;
		};
/* End XCConfigurationList section */
	};
	rootObject = 36CA4A8B246DDFC600999694 /* Project object */;
}
